
Microsoft Visual Studio Solution File, Format Version 12.00
# Visual Studio 2012
Project("{E24C65DC-7377-472B-9ABA-BC803B73C61A}") = "CallOnMe", "..\CallOnMe", "{CF8B4528-5840-4484-B939-E4F8D8D3EC0F}"
	ProjectSection(WebsiteProperties) = preProject
		TargetFrameworkMoniker = ".NETFramework,Version%3Dv4.0"
		Debug.AspNetCompiler.VirtualPath = "/CallOnMe"
		Debug.AspNetCompiler.PhysicalPath = "..\CallOnMe\"
		Debug.AspNetCompiler.TargetPath = "PrecompiledWeb\CallOnMe\"
		Debug.AspNetCompiler.Updateable = "true"
		Debug.AspNetCompiler.ForceOverwrite = "true"
		Debug.AspNetCompiler.FixedNames = "false"
		Debug.AspNetCompiler.Debug = "True"
		Release.AspNetCompiler.VirtualPath = "/CallOnMe"
		Release.AspNetCompiler.PhysicalPath = "..\CallOnMe\"
		Release.AspNetCompiler.TargetPath = "PrecompiledWeb\CallOnMe\"
		Release.AspNetCompiler.Updateable = "true"
		Release.AspNetCompiler.ForceOverwrite = "true"
		Release.AspNetCompiler.FixedNames = "false"
		Release.AspNetCompiler.Debug = "False"
		VWDPort = "58553"
	EndProjectSection
EndProject
Project("{FAE04EC0-301F-11D3-BF4B-00C04F79EFBC}") = "DataAccess", "..\DataAccess\DataAccess.csproj", "{6EB7BC3F-040D-4AAA-8E0F-EC76A2E1D7AB}"
EndProject
Global
	GlobalSection(SolutionConfigurationPlatforms) = preSolution
		Debug|Any CPU = Debug|Any CPU
		Release|Any CPU = Release|Any CPU
	EndGlobalSection
	GlobalSection(ProjectConfigurationPlatforms) = postSolution
		{CF8B4528-5840-4484-B939-E4F8D8D3EC0F}.Debug|Any CPU.ActiveCfg = Debug|Any CPU
		{CF8B4528-5840-4484-B939-E4F8D8D3EC0F}.Debug|Any CPU.Build.0 = Debug|Any CPU
		{CF8B4528-5840-4484-B939-E4F8D8D3EC0F}.Release|Any CPU.ActiveCfg = Debug|Any CPU
		{CF8B4528-5840-4484-B939-E4F8D8D3EC0F}.Release|Any CPU.Build.0 = Debug|Any CPU
		{6EB7BC3F-040D-4AAA-8E0F-EC76A2E1D7AB}.Debug|Any CPU.ActiveCfg = Debug|Any CPU
		{6EB7BC3F-040D-4AAA-8E0F-EC76A2E1D7AB}.Debug|Any CPU.Build.0 = Debug|Any CPU
		{6EB7BC3F-040D-4AAA-8E0F-EC76A2E1D7AB}.Release|Any CPU.ActiveCfg = Release|Any CPU
		{6EB7BC3F-040D-4AAA-8E0F-EC76A2E1D7AB}.Release|Any CPU.Build.0 = Release|Any CPU
	EndGlobalSection
	GlobalSection(SolutionProperties) = preSolution
		HideSolutionNode = FALSE
	EndGlobalSection
EndGlobal
